
Microsoft Visual Studio Solution File, Format Version 12.00
# Visual Studio Version 17
VisualStudioVersion = 17.0.32014.148
MinimumVisualStudioVersion = 10.0.40219.1
Project("{FAE04EC0-301F-11D3-BF4B-00C04F79EFBC}") = "CalculatorService", "CalculatorService\CalculatorService.csproj", "{4E1DA611-55ED-4CAE-B1ED-12F78B8182FD}"
EndProject
Project("{FAE04EC0-301F-11D3-BF4B-00C04F79EFBC}") = "CalculatorHost", "..\Calculator\CalculatorHost.csproj", "{94E64134-4000-4735-AF48-E8C217E34B04}"
EndProject
Global
	GlobalSection(SolutionConfigurationPlatforms) = preSolution
		Debug|Any CPU = Debug|Any CPU
		Release|Any CPU = Release|Any CPU
	EndGlobalSection
	GlobalSection(ProjectConfigurationPlatforms) = postSolution
		{4E1DA611-55ED-4CAE-B1ED-12F78B8182FD}.Debug|Any CPU.ActiveCfg = Debug|Any CPU
		{4E1DA611-55ED-4CAE-B1ED-12F78B8182FD}.Debug|Any CPU.Build.0 = Debug|Any CPU
		{4E1DA611-55ED-4CAE-B1ED-12F78B8182FD}.Release|Any CPU.ActiveCfg = Release|Any CPU
		{4E1DA611-55ED-4CAE-B1ED-12F78B8182FD}.Release|Any CPU.Build.0 = Release|Any CPU
		{94E64134-4000-4735-AF48-E8C217E34B04}.Debug|Any CPU.ActiveCfg = Debug|Any CPU
		{94E64134-4000-4735-AF48-E8C217E34B04}.Debug|Any CPU.Build.0 = Debug|Any CPU
		{94E64134-4000-4735-AF48-E8C217E34B04}.Release|Any CPU.ActiveCfg = Release|Any CPU
		{94E64134-4000-4735-AF48-E8C217E34B04}.Release|Any CPU.Build.0 = Release|Any CPU
	EndGlobalSection
	GlobalSection(SolutionProperties) = preSolution
		HideSolutionNode = FALSE
	EndGlobalSection
	GlobalSection(ExtensibilityGlobals) = postSolution
		SolutionGuid = {9D03B25D-B287-4922-BA04-DB36D830F5AF}
	EndGlobalSection
EndGlobal
